
Microsoft Visual Studio Solution File, Format Version 12.00
# Visual Studio 15
VisualStudioVersion = 15.0.26730.12
MinimumVisualStudioVersion = 10.0.40219.1
Project("{2150E333-8FDC-42A3-9474-1A3956D46DE8}") = "01_FibonacciNumber", "01_FibonacciNumber", "{83E6CC6B-CE96-4081-9909-8DA08363B985}"
EndProject
Project("{FAE04EC0-301F-11D3-BF4B-00C04F79EFBC}") = "FibonacciNumber", "FibonacciNumber\FibonacciNumber.csproj", "{19AF4AE8-3410-4270-BF74-255164939871}"
EndProject
Project("{2150E333-8FDC-42A3-9474-1A3956D46DE8}") = "02_PrintDiamond", "02_PrintDiamond", "{D37DD2D9-03A1-42CF-A1CD-9E9107CD39BE}"
EndProject
Project("{FAE04EC0-301F-11D3-BF4B-00C04F79EFBC}") = "PrintDiamond", "PrintDiamond\PrintDiamond.csproj", "{5E6BA4F7-03BF-4C41-B4F7-0DAA8CECFE95}"
EndProject
Project("{2150E333-8FDC-42A3-9474-1A3956D46DE8}") = "03_FindHighFrequencyNumber", "03_FindHighFrequencyNumber", "{823D4625-01E6-4E9F-A25B-BC526C7BEA84}"
EndProject
Project("{FAE04EC0-301F-11D3-BF4B-00C04F79EFBC}") = "FindHighFrequencyNumber", "FindHighFrequencyNumber\FindHighFrequencyNumber.csproj", "{521A5B34-A495-4E82-A0F1-1691C896ABC3}"
EndProject
Project("{2150E333-8FDC-42A3-9474-1A3956D46DE8}") = "04_DetectCircularLinkList", "04_DetectCircularLinkList", "{0A7EF4D7-5A3D-413F-B3CC-54ACA072193B}"
EndProject
Project("{FAE04EC0-301F-11D3-BF4B-00C04F79EFBC}") = "DetectCircularLinkList", "DetectCircularLinkList\DetectCircularLinkList.csproj", "{AB40A395-CD9D-49DD-9330-9AA6AFAA42F7}"
EndProject
Project("{2150E333-8FDC-42A3-9474-1A3956D46DE8}") = "05_MergeSortedLinkedList", "05_MergeSortedLinkedList", "{97EBDC4E-3F11-4B7D-85D8-6C821A7CC650}"
EndProject
Project("{FAE04EC0-301F-11D3-BF4B-00C04F79EFBC}") = "MergeSortedLinkedList", "MergeSortedLinkedList\MergeSortedLinkedList.csproj", "{97BAC72D-6900-4ADC-BB98-3DFBB7833F88}"
EndProject
Global
	GlobalSection(SolutionConfigurationPlatforms) = preSolution
		Debug|Any CPU = Debug|Any CPU
		Release|Any CPU = Release|Any CPU
	EndGlobalSection
	GlobalSection(ProjectConfigurationPlatforms) = postSolution
		{19AF4AE8-3410-4270-BF74-255164939871}.Debug|Any CPU.ActiveCfg = Debug|Any CPU
		{19AF4AE8-3410-4270-BF74-255164939871}.Debug|Any CPU.Build.0 = Debug|Any CPU
		{19AF4AE8-3410-4270-BF74-255164939871}.Release|Any CPU.ActiveCfg = Release|Any CPU
		{19AF4AE8-3410-4270-BF74-255164939871}.Release|Any CPU.Build.0 = Release|Any CPU
		{5E6BA4F7-03BF-4C41-B4F7-0DAA8CECFE95}.Debug|Any CPU.ActiveCfg = Debug|Any CPU
		{5E6BA4F7-03BF-4C41-B4F7-0DAA8CECFE95}.Debug|Any CPU.Build.0 = Debug|Any CPU
		{5E6BA4F7-03BF-4C41-B4F7-0DAA8CECFE95}.Release|Any CPU.ActiveCfg = Release|Any CPU
		{5E6BA4F7-03BF-4C41-B4F7-0DAA8CECFE95}.Release|Any CPU.Build.0 = Release|Any CPU
		{521A5B34-A495-4E82-A0F1-1691C896ABC3}.Debug|Any CPU.ActiveCfg = Debug|Any CPU
		{521A5B34-A495-4E82-A0F1-1691C896ABC3}.Debug|Any CPU.Build.0 = Debug|Any CPU
		{521A5B34-A495-4E82-A0F1-1691C896ABC3}.Release|Any CPU.ActiveCfg = Release|Any CPU
		{521A5B34-A495-4E82-A0F1-1691C896ABC3}.Release|Any CPU.Build.0 = Release|Any CPU
		{AB40A395-CD9D-49DD-9330-9AA6AFAA42F7}.Debug|Any CPU.ActiveCfg = Debug|Any CPU
		{AB40A395-CD9D-49DD-9330-9AA6AFAA42F7}.Debug|Any CPU.Build.0 = Debug|Any CPU
		{AB40A395-CD9D-49DD-9330-9AA6AFAA42F7}.Release|Any CPU.ActiveCfg = Release|Any CPU
		{AB40A395-CD9D-49DD-9330-9AA6AFAA42F7}.Release|Any CPU.Build.0 = Release|Any CPU
		{97BAC72D-6900-4ADC-BB98-3DFBB7833F88}.Debug|Any CPU.ActiveCfg = Debug|Any CPU
		{97BAC72D-6900-4ADC-BB98-3DFBB7833F88}.Debug|Any CPU.Build.0 = Debug|Any CPU
		{97BAC72D-6900-4ADC-BB98-3DFBB7833F88}.Release|Any CPU.ActiveCfg = Release|Any CPU
		{97BAC72D-6900-4ADC-BB98-3DFBB7833F88}.Release|Any CPU.Build.0 = Release|Any CPU
	EndGlobalSection
	GlobalSection(SolutionProperties) = preSolution
		HideSolutionNode = FALSE
	EndGlobalSection
	GlobalSection(NestedProjects) = preSolution
		{19AF4AE8-3410-4270-BF74-255164939871} = {83E6CC6B-CE96-4081-9909-8DA08363B985}
		{5E6BA4F7-03BF-4C41-B4F7-0DAA8CECFE95} = {D37DD2D9-03A1-42CF-A1CD-9E9107CD39BE}
		{521A5B34-A495-4E82-A0F1-1691C896ABC3} = {823D4625-01E6-4E9F-A25B-BC526C7BEA84}
		{AB40A395-CD9D-49DD-9330-9AA6AFAA42F7} = {0A7EF4D7-5A3D-413F-B3CC-54ACA072193B}
		{97BAC72D-6900-4ADC-BB98-3DFBB7833F88} = {97EBDC4E-3F11-4B7D-85D8-6C821A7CC650}
	EndGlobalSection
	GlobalSection(ExtensibilityGlobals) = postSolution
		SolutionGuid = {F2B18978-504A-462E-B4C9-3F9E00981F02}
	EndGlobalSection
EndGlobal
